
Microsoft Visual Studio Solution File, Format Version 12.00
# Visual Studio Version 17
VisualStudioVersion = 17.5.002.0
MinimumVisualStudioVersion = 10.0.40219.1
Project("{9A19103F-16F7-4668-BE54-9A1E7A4F7556}") = "netDaemon_test", "netDaemon_test.csproj", "{6B0F65B2-62BD-4EC6-BFD6-9545B813722D}"
EndProject
Global
	GlobalSection(SolutionConfigurationPlatforms) = preSolution
		Debug|Any CPU = Debug|Any CPU
		Release|Any CPU = Release|Any CPU
	EndGlobalSection
	GlobalSection(ProjectConfigurationPlatforms) = postSolution
		{6B0F65B2-62BD-4EC6-BFD6-9545B813722D}.Debug|Any CPU.ActiveCfg = Debug|Any CPU
		{6B0F65B2-62BD-4EC6-BFD6-9545B813722D}.Debug|Any CPU.Build.0 = Debug|Any CPU
		{6B0F65B2-62BD-4EC6-BFD6-9545B813722D}.Release|Any CPU.ActiveCfg = Release|Any CPU
		{6B0F65B2-62BD-4EC6-BFD6-9545B813722D}.Release|Any CPU.Build.0 = Release|Any CPU
	EndGlobalSection
	GlobalSection(SolutionProperties) = preSolution
		HideSolutionNode = FALSE
	EndGlobalSection
	GlobalSection(ExtensibilityGlobals) = postSolution
		SolutionGuid = {9399D67E-6571-45E9-8500-6DFE4C530739}
	EndGlobalSection
EndGlobal
